// !$*UTF8*$!
{
	archiveVersion = 1;
	classes = {
	};
	objectVersion = 46;
	objects = {

/* Begin PBXBuildFile section */
		01AAC5C91D2D99160007CAA9 /* JSONHelper.swift in Sources */ = {isa = PBXBuildFile; fileRef = 01AAC5C81D2D99160007CAA9 /* JSONHelper.swift */; };
		01AAC5CF1D2DE3560007CAA9 /* MainScreenViewController.swift in Sources */ = {isa = PBXBuildFile; fileRef = 01AAC5CE1D2DE3560007CAA9 /* MainScreenViewController.swift */; };
		01AAC5D11D2DE3C40007CAA9 /* AllHeroesViewController.swift in Sources */ = {isa = PBXBuildFile; fileRef = 01AAC5D01D2DE3C40007CAA9 /* AllHeroesViewController.swift */; };
		01FBDB141D2C952200A4E751 /* HeroInfoViewController.swift in Sources */ = {isa = PBXBuildFile; fileRef = 01FBDB131D2C952200A4E751 /* HeroInfoViewController.swift */; };
		06B5239C1D2C6F8500C10FB1 /* AppDelegate.swift in Sources */ = {isa = PBXBuildFile; fileRef = 06B5239B1D2C6F8500C10FB1 /* AppDelegate.swift */; };
		06B5239E1D2C6F8500C10FB1 /* ViewController.swift in Sources */ = {isa = PBXBuildFile; fileRef = 06B5239D1D2C6F8500C10FB1 /* ViewController.swift */; };
		06B523A11D2C6F8500C10FB1 /* Main.storyboard in Resources */ = {isa = PBXBuildFile; fileRef = 06B5239F1D2C6F8500C10FB1 /* Main.storyboard */; };
		06B523A31D2C6F8500C10FB1 /* Assets.xcassets in Resources */ = {isa = PBXBuildFile; fileRef = 06B523A21D2C6F8500C10FB1 /* Assets.xcassets */; };
		06B523A61D2C6F8500C10FB1 /* LaunchScreen.storyboard in Resources */ = {isa = PBXBuildFile; fileRef = 06B523A41D2C6F8500C10FB1 /* LaunchScreen.storyboard */; };
		B423FC9E90E6D34892E6F056 /* Pods_Overwatch_Guide.framework in Frameworks */ = {isa = PBXBuildFile; fileRef = C2A5178892701F103C3F4AD9 /* Pods_Overwatch_Guide.framework */; };
		FE861C851D2E49640012CC75 /* ContentViewController.swift in Sources */ = {isa = PBXBuildFile; fileRef = FE861C841D2E49640012CC75 /* ContentViewController.swift */; };
/* End PBXBuildFile section */

/* Begin PBXFileReference section */
		01AAC5C81D2D99160007CAA9 /* JSONHelper.swift */ = {isa = PBXFileReference; fileEncoding = 4; lastKnownFileType = sourcecode.swift; path = JSONHelper.swift; sourceTree = "<group>"; };
		01AAC5CE1D2DE3560007CAA9 /* MainScreenViewController.swift */ = {isa = PBXFileReference; fileEncoding = 4; lastKnownFileType = sourcecode.swift; path = MainScreenViewController.swift; sourceTree = "<group>"; };
		01AAC5D01D2DE3C40007CAA9 /* AllHeroesViewController.swift */ = {isa = PBXFileReference; fileEncoding = 4; lastKnownFileType = sourcecode.swift; path = AllHeroesViewController.swift; sourceTree = "<group>"; };
		01FBDB131D2C952200A4E751 /* HeroInfoViewController.swift */ = {isa = PBXFileReference; fileEncoding = 4; lastKnownFileType = sourcecode.swift; path = HeroInfoViewController.swift; sourceTree = "<group>"; };
		06B523981D2C6F8500C10FB1 /* Overwatch Guide.app */ = {isa = PBXFileReference; explicitFileType = wrapper.application; includeInIndex = 0; path = "Overwatch Guide.app"; sourceTree = BUILT_PRODUCTS_DIR; };
		06B5239B1D2C6F8500C10FB1 /* AppDelegate.swift */ = {isa = PBXFileReference; lastKnownFileType = sourcecode.swift; path = AppDelegate.swift; sourceTree = "<group>"; };
		06B5239D1D2C6F8500C10FB1 /* ViewController.swift */ = {isa = PBXFileReference; lastKnownFileType = sourcecode.swift; path = ViewController.swift; sourceTree = "<group>"; };
		06B523A01D2C6F8500C10FB1 /* Base */ = {isa = PBXFileReference; lastKnownFileType = file.storyboard; name = Base; path = Base.lproj/Main.storyboard; sourceTree = "<group>"; };
		06B523A21D2C6F8500C10FB1 /* Assets.xcassets */ = {isa = PBXFileReference; lastKnownFileType = folder.assetcatalog; path = Assets.xcassets; sourceTree = "<group>"; };
		06B523A51D2C6F8500C10FB1 /* Base */ = {isa = PBXFileReference; lastKnownFileType = file.storyboard; name = Base; path = Base.lproj/LaunchScreen.storyboard; sourceTree = "<group>"; };
		06B523A71D2C6F8500C10FB1 /* Info.plist */ = {isa = PBXFileReference; lastKnownFileType = text.plist.xml; path = Info.plist; sourceTree = "<group>"; };
		C2A5178892701F103C3F4AD9 /* Pods_Overwatch_Guide.framework */ = {isa = PBXFileReference; explicitFileType = wrapper.framework; includeInIndex = 0; path = Pods_Overwatch_Guide.framework; sourceTree = BUILT_PRODUCTS_DIR; };
		E0CD8D0542272F5ED887F2F5 /* Pods-Overwatch Guide.release.xcconfig */ = {isa = PBXFileReference; includeInIndex = 1; lastKnownFileType = text.xcconfig; name = "Pods-Overwatch Guide.release.xcconfig"; path = "Pods/Target Support Files/Pods-Overwatch Guide/Pods-Overwatch Guide.release.xcconfig"; sourceTree = "<group>"; };
		EC2326EDDF8378D476412DEB /* Pods-Overwatch Guide.debug.xcconfig */ = {isa = PBXFileReference; includeInIndex = 1; lastKnownFileType = text.xcconfig; name = "Pods-Overwatch Guide.debug.xcconfig"; path = "Pods/Target Support Files/Pods-Overwatch Guide/Pods-Overwatch Guide.debug.xcconfig"; sourceTree = "<group>"; };
		FE861C841D2E49640012CC75 /* ContentViewController.swift */ = {isa = PBXFileReference; fileEncoding = 4; lastKnownFileType = sourcecode.swift; path = ContentViewController.swift; sourceTree = "<group>"; };
/* End PBXFileReference section */

/* Begin PBXFrameworksBuildPhase section */
		06B523951D2C6F8500C10FB1 /* Frameworks */ = {
			isa = PBXFrameworksBuildPhase;
			buildActionMask = 2147483647;
			files = (
				B423FC9E90E6D34892E6F056 /* Pods_Overwatch_Guide.framework in Frameworks */,
			);
			runOnlyForDeploymentPostprocessing = 0;
		};
/* End PBXFrameworksBuildPhase section */

/* Begin PBXGroup section */
		01AAC5C71D2D990A0007CAA9 /* Helpers */ = {
			isa = PBXGroup;
			children = (
				01AAC5C81D2D99160007CAA9 /* JSONHelper.swift */,
			);
			name = Helpers;
			sourceTree = "<group>";
		};
		01FBDB0A1D2C812700A4E751 /* ViewControllers */ = {
			isa = PBXGroup;
			children = (
				01AAC5CE1D2DE3560007CAA9 /* MainScreenViewController.swift */,
				01AAC5D01D2DE3C40007CAA9 /* AllHeroesViewController.swift */,
				01FBDB131D2C952200A4E751 /* HeroInfoViewController.swift */,
				FE861C841D2E49640012CC75 /* ContentViewController.swift */,
			);
			name = ViewControllers;
			sourceTree = "<group>";
		};
		01FBDB0B1D2C813900A4E751 /* Views */ = {
			isa = PBXGroup;
			children = (
			);
			name = Views;
			sourceTree = "<group>";
		};
		05EF8F717CD77B802E2977B8 /* Frameworks */ = {
			isa = PBXGroup;
			children = (
				C2A5178892701F103C3F4AD9 /* Pods_Overwatch_Guide.framework */,
			);
			name = Frameworks;
			sourceTree = "<group>";
		};
		06B5238F1D2C6F8500C10FB1 = {
			isa = PBXGroup;
			children = (
				06B5239A1D2C6F8500C10FB1 /* Overwatch Guide */,
				06B523991D2C6F8500C10FB1 /* Products */,
				3A817FD4AAD7BD3B8FB97BA2 /* Pods */,
				05EF8F717CD77B802E2977B8 /* Frameworks */,
			);
			sourceTree = "<group>";
		};
		06B523991D2C6F8500C10FB1 /* Products */ = {
			isa = PBXGroup;
			children = (
				06B523981D2C6F8500C10FB1 /* Overwatch Guide.app */,
			);
			name = Products;
			sourceTree = "<group>";
		};
		06B5239A1D2C6F8500C10FB1 /* Overwatch Guide */ = {
			isa = PBXGroup;
			children = (
				01AAC5C71D2D990A0007CAA9 /* Helpers */,
				01FBDB0B1D2C813900A4E751 /* Views */,
				01FBDB0A1D2C812700A4E751 /* ViewControllers */,
				06B5239B1D2C6F8500C10FB1 /* AppDelegate.swift */,
				06B5239D1D2C6F8500C10FB1 /* ViewController.swift */,
				06B5239F1D2C6F8500C10FB1 /* Main.storyboard */,
				06B523A21D2C6F8500C10FB1 /* Assets.xcassets */,
				06B523A41D2C6F8500C10FB1 /* LaunchScreen.storyboard */,
				06B523A71D2C6F8500C10FB1 /* Info.plist */,
			);
			path = "Overwatch Guide";
			sourceTree = "<group>";
		};
		3A817FD4AAD7BD3B8FB97BA2 /* Pods */ = {
			isa = PBXGroup;
			children = (
				EC2326EDDF8378D476412DEB /* Pods-Overwatch Guide.debug.xcconfig */,
				E0CD8D0542272F5ED887F2F5 /* Pods-Overwatch Guide.release.xcconfig */,
			);
			name = Pods;
			sourceTree = "<group>";
		};
/* End PBXGroup section */

/* Begin PBXNativeTarget section */
		06B523971D2C6F8500C10FB1 /* Overwatch Guide */ = {
			isa = PBXNativeTarget;
			buildConfigurationList = 06B523AA1D2C6F8500C10FB1 /* Build configuration list for PBXNativeTarget "Overwatch Guide" */;
			buildPhases = (
				072EE65BE562623FC50B1D9A /* [CP] Check Pods Manifest.lock */,
				06B523941D2C6F8500C10FB1 /* Sources */,
				06B523951D2C6F8500C10FB1 /* Frameworks */,
				06B523961D2C6F8500C10FB1 /* Resources */,
				4A20318AE568A5E49BD716C8 /* [CP] Embed Pods Frameworks */,
				BE3B69AB5FCDA6911B0E8E72 /* [CP] Copy Pods Resources */,
			);
			buildRules = (
			);
			dependencies = (
			);
			name = "Overwatch Guide";
			productName = "Overwatch Guide";
			productReference = 06B523981D2C6F8500C10FB1 /* Overwatch Guide.app */;
			productType = "com.apple.product-type.application";
		};
/* End PBXNativeTarget section */

/* Begin PBXProject section */
		06B523901D2C6F8500C10FB1 /* Project object */ = {
			isa = PBXProject;
			attributes = {
				LastSwiftUpdateCheck = 0730;
				LastUpgradeCheck = 0730;
				ORGANIZATIONNAME = "Phillip Chao";
				TargetAttributes = {
					06B523971D2C6F8500C10FB1 = {
						CreatedOnToolsVersion = 7.3.1;
					};
				};
			};
			buildConfigurationList = 06B523931D2C6F8500C10FB1 /* Build configuration list for PBXProject "Overwatch Guide" */;
			compatibilityVersion = "Xcode 3.2";
			developmentRegion = English;
			hasScannedForEncodings = 0;
			knownRegions = (
				en,
				Base,
			);
			mainGroup = 06B5238F1D2C6F8500C10FB1;
			productRefGroup = 06B523991D2C6F8500C10FB1 /* Products */;
			projectDirPath = "";
			projectRoot = "";
			targets = (
				06B523971D2C6F8500C10FB1 /* Overwatch Guide */,
			);
		};
/* End PBXProject section */

/* Begin PBXResourcesBuildPhase section */
		06B523961D2C6F8500C10FB1 /* Resources */ = {
			isa = PBXResourcesBuildPhase;
			buildActionMask = 2147483647;
			files = (
				06B523A61D2C6F8500C10FB1 /* LaunchScreen.storyboard in Resources */,
				06B523A31D2C6F8500C10FB1 /* Assets.xcassets in Resources */,
				06B523A11D2C6F8500C10FB1 /* Main.storyboard in Resources */,
			);
			runOnlyForDeploymentPostprocessing = 0;
		};
/* End PBXResourcesBuildPhase section */

/* Begin PBXShellScriptBuildPhase section */
		072EE65BE562623FC50B1D9A /* [CP] Check Pods Manifest.lock */ = {
			isa = PBXShellScriptBuildPhase;
			buildActionMask = 2147483647;
			files = (
			);
			inputPaths = (
			);
			name = "[CP] Check Pods Manifest.lock";
			outputPaths = (
			);
			runOnlyForDeploymentPostprocessing = 0;
			shellPath = /bin/sh;
			shellScript = "diff \"${PODS_ROOT}/../Podfile.lock\" \"${PODS_ROOT}/Manifest.lock\" > /dev/null\nif [[ $? != 0 ]] ; then\n    cat << EOM\nerror: The sandbox is not in sync with the Podfile.lock. Run 'pod install' or update your CocoaPods installation.\nEOM\n    exit 1\nfi\n";
			showEnvVarsInLog = 0;
		};
		4A20318AE568A5E49BD716C8 /* [CP] Embed Pods Frameworks */ = {
			isa = PBXShellScriptBuildPhase;
			buildActionMask = 2147483647;
			files = (
			);
			inputPaths = (
			);
			name = "[CP] Embed Pods Frameworks";
			outputPaths = (
			);
			runOnlyForDeploymentPostprocessing = 0;
			shellPath = /bin/sh;
			shellScript = "\"${SRCROOT}/Pods/Target Support Files/Pods-Overwatch Guide/Pods-Overwatch Guide-frameworks.sh\"\n";
			showEnvVarsInLog = 0;
		};
		BE3B69AB5FCDA6911B0E8E72 /* [CP] Copy Pods Resources */ = {
			isa = PBXShellScriptBuildPhase;
			buildActionMask = 2147483647;
			files = (
			);
			inputPaths = (
			);
			name = "[CP] Copy Pods Resources";
			outputPaths = (
			);
			runOnlyForDeploymentPostprocessing = 0;
			shellPath = /bin/sh;
			shellScript = "\"${SRCROOT}/Pods/Target Support Files/Pods-Overwatch Guide/Pods-Overwatch Guide-resources.sh\"\n";
			showEnvVarsInLog = 0;
		};
/* End PBXShellScriptBuildPhase section */

/* Begin PBXSourcesBuildPhase section */
		06B523941D2C6F8500C10FB1 /* Sources */ = {
			isa = PBXSourcesBuildPhase;
			buildActionMask = 2147483647;
			files = (
				01AAC5CF1D2DE3560007CAA9 /* MainScreenViewController.swift in Sources */,
				06B5239E1D2C6F8500C10FB1 /* ViewController.swift in Sources */,
				01AAC5C91D2D99160007CAA9 /* JSONHelper.swift in Sources */,
				06B5239C1D2C6F8500C10FB1 /* AppDelegate.swift in Sources */,
				01AAC5D11D2DE3C40007CAA9 /* AllHeroesViewController.swift in Sources */,
				01FBDB141D2C952200A4E751 /* HeroInfoViewController.swift in Sources */,
				FE861C851D2E49640012CC75 /* ContentViewController.swift in Sources */,
			);
			runOnlyForDeploymentPostprocessing = 0;
		};
/* End PBXSourcesBuildPhase section */

/* Begin PBXVariantGroup section */
		06B5239F1D2C6F8500C10FB1 /* Main.storyboard */ = {
			isa = PBXVariantGroup;
			children = (
				06B523A01D2C6F8500C10FB1 /* Base */,
			);
			name = Main.storyboard;
			sourceTree = "<group>";
		};
		06B523A41D2C6F8500C10FB1 /* LaunchScreen.storyboard */ = {
			isa = PBXVariantGroup;
			children = (
				06B523A51D2C6F8500C10FB1 /* Base */,
			);
			name = LaunchScreen.storyboard;
			sourceTree = "<group>";
		};
/* End PBXVariantGroup section */

/* Begin XCBuildConfiguration section */
		06B523A81D2C6F8500C10FB1 /* Debug */ = {
			isa = XCBuildConfiguration;
			buildSettings = {
				ALWAYS_SEARCH_USER_PATHS = NO;
				CLANG_ANALYZER_NONNULL = YES;
				CLANG_CXX_LANGUAGE_STANDARD = "gnu++0x";
				CLANG_CXX_LIBRARY = "libc++";
				CLANG_ENABLE_MODULES = YES;
				CLANG_ENABLE_OBJC_ARC = YES;
				CLANG_WARN_BOOL_CONVERSION = YES;
				CLANG_WARN_CONSTANT_CONVERSION = YES;
				CLANG_WARN_DIRECT_OBJC_ISA_USAGE = YES_ERROR;
				CLANG_WARN_EMPTY_BODY = YES;
				CLANG_WARN_ENUM_CONVERSION = YES;
				CLANG_WARN_INT_CONVERSION = YES;
				CLANG_WARN_OBJC_ROOT_CLASS = YES_ERROR;
				CLANG_WARN_UNREACHABLE_CODE = YES;
				CLANG_WARN__DUPLICATE_METHOD_MATCH = YES;
				"CODE_SIGN_IDENTITY[sdk=iphoneos*]" = "iPhone Developer";
				COPY_PHASE_STRIP = NO;
				DEBUG_INFORMATION_FORMAT = dwarf;
				ENABLE_STRICT_OBJC_MSGSEND = YES;
				ENABLE_TESTABILITY = YES;
				GCC_C_LANGUAGE_STANDARD = gnu99;
				GCC_DYNAMIC_NO_PIC = NO;
				GCC_NO_COMMON_BLOCKS = YES;
				GCC_OPTIMIZATION_LEVEL = 0;
				GCC_PREPROCESSOR_DEFINITIONS = (
					"DEBUG=1",
					"$(inherited)",
				);
				GCC_WARN_64_TO_32_BIT_CONVERSION = YES;
				GCC_WARN_ABOUT_RETURN_TYPE = YES_ERROR;
				GCC_WARN_UNDECLARED_SELECTOR = YES;
				GCC_WARN_UNINITIALIZED_AUTOS = YES_AGGRESSIVE;
				GCC_WARN_UNUSED_FUNCTION = YES;
				GCC_WARN_UNUSED_VARIABLE = YES;
				IPHONEOS_DEPLOYMENT_TARGET = 9.3;
				MTL_ENABLE_DEBUG_INFO = YES;
				ONLY_ACTIVE_ARCH = YES;
				SDKROOT = iphoneos;
				SWIFT_OPTIMIZATION_LEVEL = "-Onone";
				TARGETED_DEVICE_FAMILY = "1,2";
			};
			name = Debug;
		};
		06B523A91D2C6F8500C10FB1 /* Release */ = {
			isa = XCBuildConfiguration;
			buildSettings = {
				ALWAYS_SEARCH_USER_PATHS = NO;
				CLANG_ANALYZER_NONNULL = YES;
				CLANG_CXX_LANGUAGE_STANDARD = "gnu++0x";
				CLANG_CXX_LIBRARY = "libc++";
				CLANG_ENABLE_MODULES = YES;
				CLANG_ENABLE_OBJC_ARC = YES;
				CLANG_WARN_BOOL_CONVERSION = YES;
				CLANG_WARN_CONSTANT_CONVERSION = YES;
				CLANG_WARN_DIRECT_OBJC_ISA_USAGE = YES_ERROR;
				CLANG_WARN_EMPTY_BODY = YES;
				CLANG_WARN_ENUM_CONVERSION = YES;
				CLANG_WARN_INT_CONVERSION = YES;
				CLANG_WARN_OBJC_ROOT_CLASS = YES_ERROR;
				CLANG_WARN_UNREACHABLE_CODE = YES;
				CLANG_WARN__DUPLICATE_METHOD_MATCH = YES;
				"CODE_SIGN_IDENTITY[sdk=iphoneos*]" = "iPhone Developer";
				COPY_PHASE_STRIP = NO;
				DEBUG_INFORMATION_FORMAT = "dwarf-with-dsym";
				ENABLE_NS_ASSERTIONS = NO;
				ENABLE_STRICT_OBJC_MSGSEND = YES;
				GCC_C_LANGUAGE_STANDARD = gnu99;
				GCC_NO_COMMON_BLOCKS = YES;
				GCC_WARN_64_TO_32_BIT_CONVERSION = YES;
				GCC_WARN_ABOUT_RETURN_TYPE = YES_ERROR;
				GCC_WARN_UNDECLARED_SELECTOR = YES;
				GCC_WARN_UNINITIALIZED_AUTOS = YES_AGGRESSIVE;
				GCC_WARN_UNUSED_FUNCTION = YES;
				GCC_WARN_UNUSED_VARIABLE = YES;
				IPHONEOS_DEPLOYMENT_TARGET = 9.3;
				MTL_ENABLE_DEBUG_INFO = NO;
				SDKROOT = iphoneos;
				TARGETED_DEVICE_FAMILY = "1,2";
				VALIDATE_PRODUCT = YES;
			};
			name = Release;
		};
		06B523AB1D2C6F8500C10FB1 /* Debug */ = {
			isa = XCBuildConfiguration;
			baseConfigurationReference = EC2326EDDF8378D476412DEB /* Pods-Overwatch Guide.debug.xcconfig */;
			buildSettings = {
				ASSETCATALOG_COMPILER_APPICON_NAME = AppIcon;
				INFOPLIST_FILE = "Overwatch Guide/Info.plist";
				LD_RUNPATH_SEARCH_PATHS = "$(inherited) @executable_path/Frameworks";
				PRODUCT_BUNDLE_IDENTIFIER = "com.phillipchao.Overwatch-Guide";
				PRODUCT_NAME = "$(TARGET_NAME)";
			};
			name = Debug;
		};
		06B523AC1D2C6F8500C10FB1 /* Release */ = {
			isa = XCBuildConfiguration;
			baseConfigurationReference = E0CD8D0542272F5ED887F2F5 /* Pods-Overwatch Guide.release.xcconfig */;
			buildSettings = {
				ASSETCATALOG_COMPILER_APPICON_NAME = AppIcon;
				INFOPLIST_FILE = "Overwatch Guide/Info.plist";
				LD_RUNPATH_SEARCH_PATHS = "$(inherited) @executable_path/Frameworks";
				PRODUCT_BUNDLE_IDENTIFIER = "com.phillipchao.Overwatch-Guide";
				PRODUCT_NAME = "$(TARGET_NAME)";
			};
			name = Release;
		};
/* End XCBuildConfiguration section */

/* Begin XCConfigurationList section */
		06B523931D2C6F8500C10FB1 /* Build configuration list for PBXProject "Overwatch Guide" */ = {
			isa = XCConfigurationList;
			buildConfigurations = (
				06B523A81D2C6F8500C10FB1 /* Debug */,
				06B523A91D2C6F8500C10FB1 /* Release */,
			);
			defaultConfigurationIsVisible = 0;
			defaultConfigurationName = Release;
		};
		06B523AA1D2C6F8500C10FB1 /* Build configuration list for PBXNativeTarget "Overwatch Guide" */ = {
			isa = XCConfigurationList;
			buildConfigurations = (
				06B523AB1D2C6F8500C10FB1 /* Debug */,
				06B523AC1D2C6F8500C10FB1 /* Release */,
			);
			defaultConfigurationIsVisible = 0;
			defaultConfigurationName = Release;
		};
/* End XCConfigurationList section */
	};
	rootObject = 06B523901D2C6F8500C10FB1 /* Project object */;
}
